
Microsoft Visual Studio Solution File, Format Version 12.00
# Visual Studio 15
VisualStudioVersion = 15.0.28307.1209
MinimumVisualStudioVersion = 10.0.40219.1
Project("{FAE04EC0-301F-11D3-BF4B-00C04F79EFBC}") = "EmptyWebApp", "EmptyWebApp\EmptyWebApp.csproj", "{FBA07441-ECC7-4FBF-A551-41A92D2D4875}"
EndProject
Global
	GlobalSection(SolutionConfigurationPlatforms) = preSolution
		Debug|Any CPU = Debug|Any CPU
		Release|Any CPU = Release|Any CPU
	EndGlobalSection
	GlobalSection(ProjectConfigurationPlatforms) = postSolution
		{FBA07441-ECC7-4FBF-A551-41A92D2D4875}.Debug|Any CPU.ActiveCfg = Debug|Any CPU
		{FBA07441-ECC7-4FBF-A551-41A92D2D4875}.Debug|Any CPU.Build.0 = Debug|Any CPU
		{FBA07441-ECC7-4FBF-A551-41A92D2D4875}.Release|Any CPU.ActiveCfg = Release|Any CPU
		{FBA07441-ECC7-4FBF-A551-41A92D2D4875}.Release|Any CPU.Build.0 = Release|Any CPU
	EndGlobalSection
	GlobalSection(SolutionProperties) = preSolution
		HideSolutionNode = FALSE
	EndGlobalSection
	GlobalSection(ExtensibilityGlobals) = postSolution
		SolutionGuid = {D0D104E2-3B4B-4071-8632-D480AD8FB524}
	EndGlobalSection
EndGlobal
